{
  "nodes": {
    "agent-skills-nix": {
      "inputs": {
        "nixpkgs": [
          "nixpkgs"
        ]
      },
      "locked": {
        "lastModified": 1789145426,
        "narHash": "sha256-Wf+7Qzt8+nz4TXPCbWnMjOAdzbVM6blW9J6JP+YhSy8=",
        "owner": "Kyure-A",
        "repo": "agent-skills-nix",
        "rev": "5133c874553c6c295654d8de4e3f62c95736b9c6",
        "type": "github"
      },
      "original": {
        "owner": "Kyure-A",
        "repo": "agent-skills-nix",
        "type": "github"
      }
    },
    "anthropic-skills": {
      "flake": false,
      "locked": {
        "lastModified": 1789069448,
        "narHash": "sha256-tI4bTTBfI1ylltklGyiyA7pLoKXEWtrT6lrmwrpLbCw=",
        "owner": "anthropics",
        "repo": "skills",
        "rev": "34040c9c568585f6929bedeaad110ad08f079624",
        "type": "github"
      },
      "original": {
        "owner": "anthropics",
        "repo": "skills",
        "type": "github"
      }
    },
    "app-store-screenshots": {
      "flake": false,
      "locked": {
        "lastModified": 1788596084,
        "narHash": "sha256-VumbGM8WVHhiuB4Kvqs68icVcaZ+hvlaTrqOBbObyh4=",
        "owner": "ParthJadhav",
        "repo": "app-store-screenshots",
        "rev": "18951ddc4e06c53a3d34207732c16d9568f88d11",
        "type": "github"
      },
      "original": {
        "owner": "ParthJadhav",
        "repo": "app-store-screenshots",
        "type": "github"
      }
    },
    "claude-code-proxy": {
      "inputs": {
        "nixpkgs": [
          "nixpkgs"
        ]
      },
      "locked": {
        "lastModified": 1787168145,
        "narHash": "sha256-Q114fiJHXT5Equct9Z7Ayb1GMzcj1vUY/WYujUi5yOg=",
        "owner": "raine",
        "repo": "claude-code-proxy",
        "rev": "dc61029dfdea54fda7367d064885aaceb8d1ac80",
        "type": "github"
      },
      "original": {
        "owner": "raine",
        "ref": "v0.1.35",
        "repo": "claude-code-proxy",
        "type": "github"
      }
    },
    "claude-plugin-codex": {
      "flake": false,
      "locked": {
        "lastModified": 1779994779,
        "narHash": "sha256-Je5GhE/DljM3412KRSZuZN1M/2fCk6lQAge+ZGkY2j0=",
        "owner": "yanchuk",
        "repo": "claude-plugin-codex",
        "rev": "4edc5cd1231d2e1a415a9e2ed103ed61305c08dd",
        "type": "github"
      },
      "original": {
        "owner": "yanchuk",
        "repo": "claude-plugin-codex",
        "type": "github"
      }
    },
    "difit-skills": {
      "flake": false,
      "locked": {
        "lastModified": 1787931182,
        "narHash": "sha256-1EoC5t+8KjNmwKg5lFLig26tzCnp2byhkeGjctVdRls=",
        "owner": "yoshiko-pg",
        "repo": "difit",
        "rev": "82a765c037ec28fe7fe90ab2f1e4b5748032b4fa",
        "type": "github"
      },
      "original": {
        "owner": "yoshiko-pg",
        "repo": "difit",
        "type": "github"
      }
    },
    "flake-compat": {
      "flake": false,
      "locked": {
        "lastModified": 1767039857,
        "narHash": "sha256-vNpUSpF5Nuw8xvDLj2KCwwksIbjua2LZCqhV1LNRDns=",
        "owner": "NixOS",
        "repo": "flake-compat",
        "rev": "5edf11c44bc78a0d334f6334cdaf7d60d732daab",
        "type": "github"
      },
      "original": {
        "owner": "NixOS",
        "repo": "flake-compat",
        "type": "github"
      }
    },
    "git-hooks-nix": {
      "inputs": {
        "flake-compat": "flake-compat",
        "nixpkgs": [
          "nixpkgs"
        ]
      },
      "locked": {
        "lastModified": 1788267358,
        "narHash": "sha256-nt+lUqYVpc9Y6JeMd2WmXzCDojasdadKo0mWcluvY2Y=",
        "owner": "cachix",
        "repo": "git-hooks.nix",
        "rev": "27555e2624241fb116b49095df4caaee85a25691",
        "type": "github"
      },
      "original": {
        "owner": "cachix",
        "repo": "git-hooks.nix",
        "type": "github"
      }
    },
    "herdr": {
      "inputs": {
        "nixpkgs": [
          "nixpkgs"
        ],
        "rust-overlay": "rust-overlay"
      },
      "locked": {
        "lastModified": 1784657072,
        "narHash": "sha256-3BA8eredGku+vsL2Af7sUf43QiArR5XTHNrI+X11vFM=",
        "owner": "herdrdev",
        "repo": "herdr",
        "rev": "ef4c23f5775bb8cfec05f05d0844226ff959a07a",
        "type": "github"
      },
      "original": {
        "owner": "herdrdev",
        "ref": "v0.7.5",
        "repo": "herdr",
        "type": "github"
      }
    },
    "home-manager": {
      "inputs": {
        "nixpkgs": [
          "nixpkgs"
        ]
      },
      "locked": {
        "lastModified": 1789273010,
        "narHash": "sha256-E7dWx+utzZPpqQsBUd5sMimKTWMEEbTKFD+ya99Shps=",
        "owner": "nix-community",
        "repo": "home-manager",
        "rev": "fdc36b12804b0179b24a5ffd282e4c95c37072e2",
        "type": "github"
      },
      "original": {
        "owner": "nix-community",
        "repo": "home-manager",
        "type": "github"
      }
    },
    "lottie": {
      "flake": false,
      "locked": {
        "lastModified": 1784964178,
        "narHash": "sha256-Wj7YQKojHypeic/cg1c3O+yllFLQbaaOy7whvdPQnGg=",
        "owner": "diffusionstudio",
        "repo": "lottie",
        "rev": "3c72912fad543897f90045ed4d355813837927fc",
        "type": "github"
      },
      "original": {
        "owner": "diffusionstudio",
        "repo": "lottie",
        "type": "github"
      }
    },
    "nix-darwin": {
      "inputs": {
        "nixpkgs": [
          "nixpkgs"
        ]
      },
      "locked": {
        "lastModified": 1786845137,
        "narHash": "sha256-oQFip+v0luP8NIxJzmiW4Wu8bILsbFWom5l0zonl8hQ=",
        "owner": "nix-darwin",
        "repo": "nix-darwin",
        "rev": "4cff07de74b50e64bdd68cd4e722ab5b6b35ee48",
        "type": "github"
      },
      "original": {
        "owner": "nix-darwin",
        "ref": "master",
        "repo": "nix-darwin",
        "type": "github"
      }
    },
    "nix-index-database": {
      "inputs": {
        "nixpkgs": [
          "nixpkgs"
        ]
      },
      "locked": {
        "lastModified": 1789286446,
        "narHash": "sha256-xVstyCdg0DpzjyrEacm72VJAIP9DMhfWJdPDzhWxHuo=",
        "owner": "nix-community",
        "repo": "nix-index-database",
        "rev": "a74e173407559083a412ea89a1cc58ea389c3b65",
        "type": "github"
      },
      "original": {
        "owner": "nix-community",
        "repo": "nix-index-database",
        "type": "github"
      }
    },
    "nixpkgs": {
      "locked": {
        "lastModified": 1789073787,
        "narHash": "sha256-xfX/toC2QV707s06GbP4II/TxYF0fNQj7s5/LClNDKc=",
        "owner": "NixOS",
        "repo": "nixpkgs",
        "rev": "aff8a0b28396750446e5537a96461bc4facdb287",
        "type": "github"
      },
      "original": {
        "owner": "NixOS",
        "ref": "nixpkgs-unstable",
        "repo": "nixpkgs",
        "type": "github"
      }
    },
    "notebooklm-skill": {
      "flake": false,
      "locked": {
        "lastModified": 1789026222,
        "narHash": "sha256-YwUAe4nCENYWCXy0WI/6DTaUqIBnMff0OhaPUxkuv/0=",
        "owner": "PleasePrompto",
        "repo": "notebooklm-skill",
        "rev": "c80722d3f27d65e06b6579add201bf69b99101d0",
        "type": "github"
      },
      "original": {
        "owner": "PleasePrompto",
        "repo": "notebooklm-skill",
        "type": "github"
      }
    },
    "openai-skills": {
      "flake": false,
      "locked": {
        "lastModified": 1782268572,
        "narHash": "sha256-t4oGnFg0YpxJaQiFpgTiwYhaFoZK6wPDiqvHoG0bXiU=",
        "owner": "openai",
        "repo": "skills",
        "rev": "49f948faa9258a0c61caceaf225e179651397431",
        "type": "github"
      },
      "original": {
        "owner": "openai",
        "repo": "skills",
        "type": "github"
      }
    },
    "orca-skills": {
      "flake": false,
      "locked": {
        "lastModified": 1789282893,
        "narHash": "sha256-xiT/IaLU4VE94H5YyS63BuZiCEAfMhkvuFYB1Z9LPww=",
        "owner": "stablyai",
        "repo": "orca",
        "rev": "fe4237cd41e4d48793fd135640939ef8aa5418e0",
        "type": "github"
      },
      "original": {
        "owner": "stablyai",
        "repo": "orca",
        "type": "github"
      }
    },
    "root": {
      "inputs": {
        "agent-skills-nix": "agent-skills-nix",
        "anthropic-skills": "anthropic-skills",
        "app-store-screenshots": "app-store-screenshots",
        "claude-code-proxy": "claude-code-proxy",
        "claude-plugin-codex": "claude-plugin-codex",
        "difit-skills": "difit-skills",
        "git-hooks-nix": "git-hooks-nix",
        "herdr": "herdr",
        "home-manager": "home-manager",
        "lottie": "lottie",
        "nix-darwin": "nix-darwin",
        "nix-index-database": "nix-index-database",
        "nixpkgs": "nixpkgs",
        "notebooklm-skill": "notebooklm-skill",
        "openai-skills": "openai-skills",
        "orca-skills": "orca-skills",
        "taste-skill": "taste-skill",
        "trailofbits-skills": "trailofbits-skills",
        "treefmt-nix": "treefmt-nix",
        "typst-skills": "typst-skills"
      }
    },
    "rust-overlay": {
      "inputs": {
        "nixpkgs": [
          "herdr",
          "nixpkgs"
        ]
      },
      "locked": {
        "lastModified": 1783577481,
        "narHash": "sha256-EWMxOWrJ031f8f/lrcEmhTRs4npw1/5N3Hcjin846c8=",
        "owner": "oxalica",
        "repo": "rust-overlay",
        "rev": "4cdea398dc491b082dccdce0fad1ed0b75fa3394",
        "type": "github"
      },
      "original": {
        "owner": "oxalica",
        "repo": "rust-overlay",
        "type": "github"
      }
    },
    "taste-skill": {
      "flake": false,
      "locked": {
        "lastModified": 1787585036,
        "narHash": "sha256-JfySNijrKwfrcMlYZUO/QK9Uo/ObaylBMTlwUdglyIw=",
        "owner": "Leonxlnx",
        "repo": "taste-skill",
        "rev": "ccbc15639c97057cbfcf32ecebc38ef716e4bb37",
        "type": "github"
      },
      "original": {
        "owner": "Leonxlnx",
        "repo": "taste-skill",
        "type": "github"
      }
    },
    "trailofbits-skills": {
      "flake": false,
      "locked": {
        "lastModified": 1788986894,
        "narHash": "sha256-IXAg57oHBMCYL10sP5WLbo0G21NhaotRZZEhKq+OdwA=",
        "owner": "trailofbits",
        "repo": "skills",
        "rev": "321ccfe628eca0d314b0ee4eaffcdd8a05639aaf",
        "type": "github"
      },
      "original": {
        "owner": "trailofbits",
        "repo": "skills",
        "type": "github"
      }
    },
    "treefmt-nix": {
      "inputs": {
        "nixpkgs": [
          "nixpkgs"
        ]
      },
      "locked": {
        "lastModified": 1786901030,
        "narHash": "sha256-WSFCsDSE5ffgD2MqzkM2CYjeFiKhRF/dJUN8uedb6YE=",
        "owner": "numtide",
        "repo": "treefmt-nix",
        "rev": "27b3b12a8e6375f28ebe122f07d230ca5459bbfa",
        "type": "github"
      },
      "original": {
        "owner": "numtide",
        "repo": "treefmt-nix",
        "type": "github"
      }
    },
    "typst-skills": {
      "flake": false,
      "locked": {
        "lastModified": 1788841120,
        "narHash": "sha256-jomshjWf/0rPzxP/P99NB9jpMOkx/iv4unnime+DnDI=",
        "owner": "apcamargo",
        "repo": "typst-skills",
        "rev": "433372acabe4764020632317fe1ca914ce27a945",
        "type": "github"
      },
      "original": {
        "owner": "apcamargo",
        "repo": "typst-skills",
        "type": "github"
      }
    }
  },
  "root": "root",
  "version": 7
}
