{
  "nodes": {
    "agent-skills-nix": {
      "inputs": {
        "home-manager": [
          "home-manager"
        ],
        "nixpkgs": [
          "nixpkgs"
        ]
      },
      "locked": {
        "lastModified": 1781510879,
        "narHash": "sha256-YE3NCJtgZVa1U2VTjwQVuAhmEJW4raVq7eJaFiX60X8=",
        "owner": "Kyure-A",
        "repo": "agent-skills-nix",
        "rev": "5ff9039277a9d62907426d033ecf76addb2402cb",
        "type": "github"
      },
      "original": {
        "owner": "Kyure-A",
        "repo": "agent-skills-nix",
        "type": "github"
      }
    },
    "anthropic-skills": {
      "flake": false,
      "locked": {
        "lastModified": 1781037316,
        "narHash": "sha256-1D9otXxDvmKASBu/vtAEWv6kE+U+jG4OxZpRLZbGEF0=",
        "owner": "anthropics",
        "repo": "skills",
        "rev": "57546260929473d4e0d1c1bb75297be2fdfa1949",
        "type": "github"
      },
      "original": {
        "owner": "anthropics",
        "repo": "skills",
        "type": "github"
      }
    },
    "app-store-screenshots": {
      "flake": false,
      "locked": {
        "lastModified": 1780217903,
        "narHash": "sha256-RmQMNKTQxTQYY+M86tsOh2hmU8C9LmIPe77geXuq6ls=",
        "owner": "ParthJadhav",
        "repo": "app-store-screenshots",
        "rev": "e58f81961b5fd9e3969c680061f7cfd8f286ae55",
        "type": "github"
      },
      "original": {
        "owner": "ParthJadhav",
        "repo": "app-store-screenshots",
        "type": "github"
      }
    },
    "claude-plugin-codex": {
      "flake": false,
      "locked": {
        "lastModified": 1779994779,
        "narHash": "sha256-Je5GhE/DljM3412KRSZuZN1M/2fCk6lQAge+ZGkY2j0=",
        "owner": "yanchuk",
        "repo": "claude-plugin-codex",
        "rev": "4edc5cd1231d2e1a415a9e2ed103ed61305c08dd",
        "type": "github"
      },
      "original": {
        "owner": "yanchuk",
        "repo": "claude-plugin-codex",
        "type": "github"
      }
    },
    "difit-skills": {
      "flake": false,
      "locked": {
        "lastModified": 1781423288,
        "narHash": "sha256-RlNx9MWnzNl8U+vZ895EXT9XCqH0l6GdVf/KcCJe0mM=",
        "owner": "yoshiko-pg",
        "repo": "difit",
        "rev": "78a14f76742dd4f720f4dde4b0117a74c5f5f7a8",
        "type": "github"
      },
      "original": {
        "owner": "yoshiko-pg",
        "repo": "difit",
        "type": "github"
      }
    },
    "flake-compat": {
      "flake": false,
      "locked": {
        "lastModified": 1767039857,
        "narHash": "sha256-vNpUSpF5Nuw8xvDLj2KCwwksIbjua2LZCqhV1LNRDns=",
        "owner": "NixOS",
        "repo": "flake-compat",
        "rev": "5edf11c44bc78a0d334f6334cdaf7d60d732daab",
        "type": "github"
      },
      "original": {
        "owner": "NixOS",
        "repo": "flake-compat",
        "type": "github"
      }
    },
    "git-hooks-nix": {
      "inputs": {
        "flake-compat": "flake-compat",
        "gitignore": "gitignore",
        "nixpkgs": [
          "nixpkgs"
        ]
      },
      "locked": {
        "lastModified": 1778507602,
        "narHash": "sha256-kTwur1wV+01SdqskVMSo6JMEpg71ps3HpbFY2GsflKs=",
        "owner": "cachix",
        "repo": "git-hooks.nix",
        "rev": "61ab0e80d9c7ab14c256b5b453d8b3fb0189ba0a",
        "type": "github"
      },
      "original": {
        "owner": "cachix",
        "repo": "git-hooks.nix",
        "type": "github"
      }
    },
    "gitignore": {
      "inputs": {
        "nixpkgs": [
          "git-hooks-nix",
          "nixpkgs"
        ]
      },
      "locked": {
        "lastModified": 1709087332,
        "narHash": "sha256-HG2cCnktfHsKV0s4XW83gU3F57gaTljL9KNSuG6bnQs=",
        "owner": "hercules-ci",
        "repo": "gitignore.nix",
        "rev": "637db329424fd7e46cf4185293b9cc8c88c95394",
        "type": "github"
      },
      "original": {
        "owner": "hercules-ci",
        "repo": "gitignore.nix",
        "type": "github"
      }
    },
    "home-manager": {
      "inputs": {
        "nixpkgs": [
          "nixpkgs"
        ]
      },
      "locked": {
        "lastModified": 1781533608,
        "narHash": "sha256-Mgsu/x5cs8EqlhIQ7bMBo14LpkAYtgzDbG/S/eattJA=",
        "owner": "nix-community",
        "repo": "home-manager",
        "rev": "8aec76cc1e045f37b55d82ca3cee4910ae04d3db",
        "type": "github"
      },
      "original": {
        "owner": "nix-community",
        "repo": "home-manager",
        "type": "github"
      }
    },
    "lottie": {
      "flake": false,
      "locked": {
        "lastModified": 1781534282,
        "narHash": "sha256-DGnivYx8/1Qd40NMmXWHM5fatEbmNPWvDLxXvKPh9sM=",
        "owner": "diffusionstudio",
        "repo": "lottie",
        "rev": "a4e20b894d6335b02a29e4bcdec864bab5104675",
        "type": "github"
      },
      "original": {
        "owner": "diffusionstudio",
        "repo": "lottie",
        "type": "github"
      }
    },
    "nix-darwin": {
      "inputs": {
        "nixpkgs": [
          "nixpkgs"
        ]
      },
      "locked": {
        "lastModified": 1781242433,
        "narHash": "sha256-bchLZZ3sRn740zyvD2icZSnNoTaanN0nw7l6fjVXO+E=",
        "owner": "nix-darwin",
        "repo": "nix-darwin",
        "rev": "aabb2037edfc0f210723b72cd5f528aab5dd3f0b",
        "type": "github"
      },
      "original": {
        "owner": "nix-darwin",
        "ref": "master",
        "repo": "nix-darwin",
        "type": "github"
      }
    },
    "nix-index-database": {
      "inputs": {
        "nixpkgs": [
          "nixpkgs"
        ]
      },
      "locked": {
        "lastModified": 1781422160,
        "narHash": "sha256-W7S8O86bVrw2gaomEwkHStOzmPpnFIHQ6lS4Q2HffJ0=",
        "owner": "nix-community",
        "repo": "nix-index-database",
        "rev": "854d04e2368fb2e9c328a36b3c0a04cd713bfae1",
        "type": "github"
      },
      "original": {
        "owner": "nix-community",
        "repo": "nix-index-database",
        "type": "github"
      }
    },
    "nixpkgs": {
      "locked": {
        "lastModified": 1781454065,
        "narHash": "sha256-d2xfDjnfRuf/xYGdu9VVRHiav/2w5hDL/5cw2TuVAXw=",
        "owner": "NixOS",
        "repo": "nixpkgs",
        "rev": "9eac87a12312b8f60dd52e1c6e1a265f6fc7f5fc",
        "type": "github"
      },
      "original": {
        "owner": "NixOS",
        "ref": "nixpkgs-unstable",
        "repo": "nixpkgs",
        "type": "github"
      }
    },
    "notebooklm-skill": {
      "flake": false,
      "locked": {
        "lastModified": 1763746791,
        "narHash": "sha256-oOkKuDvKuU8UylYZehT2lyERXla5H81oVddTg3ej2pQ=",
        "owner": "PleasePrompto",
        "repo": "notebooklm-skill",
        "rev": "eea5cb28ba79ab8b078a1eaa44ce9ec44f75dbf8",
        "type": "github"
      },
      "original": {
        "owner": "PleasePrompto",
        "repo": "notebooklm-skill",
        "type": "github"
      }
    },
    "root": {
      "inputs": {
        "agent-skills-nix": "agent-skills-nix",
        "anthropic-skills": "anthropic-skills",
        "app-store-screenshots": "app-store-screenshots",
        "claude-plugin-codex": "claude-plugin-codex",
        "difit-skills": "difit-skills",
        "git-hooks-nix": "git-hooks-nix",
        "home-manager": "home-manager",
        "lottie": "lottie",
        "nix-darwin": "nix-darwin",
        "nix-index-database": "nix-index-database",
        "nixpkgs": "nixpkgs",
        "notebooklm-skill": "notebooklm-skill",
        "taste-skill": "taste-skill",
        "treefmt-nix": "treefmt-nix",
        "typst-skills": "typst-skills"
      }
    },
    "taste-skill": {
      "flake": false,
      "locked": {
        "lastModified": 1781277071,
        "narHash": "sha256-UHBfmy3zACd/YzD3lfg8C6yEW2SH5XPkA8ekzvzN7GQ=",
        "owner": "Leonxlnx",
        "repo": "taste-skill",
        "rev": "01d850496846d21f1f8f89fc8e08c58f76e4ae3e",
        "type": "github"
      },
      "original": {
        "owner": "Leonxlnx",
        "repo": "taste-skill",
        "type": "github"
      }
    },
    "treefmt-nix": {
      "inputs": {
        "nixpkgs": [
          "nixpkgs"
        ]
      },
      "locked": {
        "lastModified": 1780220602,
        "narHash": "sha256-eynAfOmbmxJnkp7YewvCEbShNnnYJ9gLLqkzsYtBPeM=",
        "owner": "numtide",
        "repo": "treefmt-nix",
        "rev": "db947814a175b7ca6ded66e21383d938df01c227",
        "type": "github"
      },
      "original": {
        "owner": "numtide",
        "repo": "treefmt-nix",
        "type": "github"
      }
    },
    "typst-skills": {
      "flake": false,
      "locked": {
        "lastModified": 1776275427,
        "narHash": "sha256-jsjUapSd3DsccodAKTffzYjbmj4a2p+4sAA1GoVfd8Y=",
        "owner": "apcamargo",
        "repo": "typst-skills",
        "rev": "2855d089f420ee7677ef2f504f4277e00535b9a3",
        "type": "github"
      },
      "original": {
        "owner": "apcamargo",
        "repo": "typst-skills",
        "type": "github"
      }
    }
  },
  "root": "root",
  "version": 7
}
